
Microsoft Visual Studio Solution File, Format Version 12.00
# Visual Studio Version 17
VisualStudioVersion = 17.4.33103.184
MinimumVisualStudioVersion = 10.0.40219.1
Project("{9A19103F-16F7-4668-BE54-9A1E7A4F7556}") = "TestProject", "TestProject.csproj", "{89AE0D9D-F91F-4188-9571-2619905BED91}"
EndProject
Project("{FAE04EC0-301F-11D3-BF4B-00C04F79EFBC}") = "TestProjectFacts", "..\TestProjectFacts\TestProjectFacts.csproj", "{3ED04220-90C5-4730-B2F7-E2357D80B4C9}"
EndProject
Global
	GlobalSection(SolutionConfigurationPlatforms) = preSolution
		Debug|Any CPU = Debug|Any CPU
		Release|Any CPU = Release|Any CPU
	EndGlobalSection
	GlobalSection(ProjectConfigurationPlatforms) = postSolution
		{89AE0D9D-F91F-4188-9571-2619905BED91}.Debug|Any CPU.ActiveCfg = Debug|Any CPU
		{89AE0D9D-F91F-4188-9571-2619905BED91}.Debug|Any CPU.Build.0 = Debug|Any CPU
		{89AE0D9D-F91F-4188-9571-2619905BED91}.Release|Any CPU.ActiveCfg = Release|Any CPU
		{89AE0D9D-F91F-4188-9571-2619905BED91}.Release|Any CPU.Build.0 = Release|Any CPU
		{3ED04220-90C5-4730-B2F7-E2357D80B4C9}.Debug|Any CPU.ActiveCfg = Debug|Any CPU
		{3ED04220-90C5-4730-B2F7-E2357D80B4C9}.Debug|Any CPU.Build.0 = Debug|Any CPU
		{3ED04220-90C5-4730-B2F7-E2357D80B4C9}.Release|Any CPU.ActiveCfg = Release|Any CPU
		{3ED04220-90C5-4730-B2F7-E2357D80B4C9}.Release|Any CPU.Build.0 = Release|Any CPU
	EndGlobalSection
	GlobalSection(SolutionProperties) = preSolution
		HideSolutionNode = FALSE
	EndGlobalSection
	GlobalSection(ExtensibilityGlobals) = postSolution
		SolutionGuid = {642089E3-F58A-4552-AA5D-1599D2DC6542}
	EndGlobalSection
EndGlobal
