
Microsoft Visual Studio Solution File, Format Version 12.00
# Visual Studio Version 17
VisualStudioVersion = 17.4.33103.184
MinimumVisualStudioVersion = 10.0.40219.1
Project("{FAE04EC0-301F-11D3-BF4B-00C04F79EFBC}") = "AutoPiesa", "AutoPiesa.csproj", "{9474D76A-DEB1-4D8C-82AD-ACC2351BCA20}"
EndProject
Global
	GlobalSection(SolutionConfigurationPlatforms) = preSolution
		Debug|Any CPU = Debug|Any CPU
		Release|Any CPU = Release|Any CPU
	EndGlobalSection
	GlobalSection(ProjectConfigurationPlatforms) = postSolution
		{9474D76A-DEB1-4D8C-82AD-ACC2351BCA20}.Debug|Any CPU.ActiveCfg = Debug|Any CPU
		{9474D76A-DEB1-4D8C-82AD-ACC2351BCA20}.Debug|Any CPU.Build.0 = Debug|Any CPU
		{9474D76A-DEB1-4D8C-82AD-ACC2351BCA20}.Release|Any CPU.ActiveCfg = Release|Any CPU
		{9474D76A-DEB1-4D8C-82AD-ACC2351BCA20}.Release|Any CPU.Build.0 = Release|Any CPU
	EndGlobalSection
	GlobalSection(SolutionProperties) = preSolution
		HideSolutionNode = FALSE
	EndGlobalSection
	GlobalSection(ExtensibilityGlobals) = postSolution
		SolutionGuid = {A5F6DD92-EB5A-4931-B3D9-00B0213DB962}
	EndGlobalSection
EndGlobal
