
Microsoft Visual Studio Solution File, Format Version 12.00
# Visual Studio Version 17
VisualStudioVersion = 17.4.33103.184
MinimumVisualStudioVersion = 10.0.40219.1
Project("{9A19103F-16F7-4668-BE54-9A1E7A4F7556}") = "Dictionary", "Dictionary.csproj", "{8D0E0E89-D442-42A9-8A82-2A8EFC939807}"
EndProject
Project("{FAE04EC0-301F-11D3-BF4B-00C04F79EFBC}") = "DictionaryFacts", "..\DictionaryFacts\DictionaryFacts.csproj", "{F9D2DAE5-0852-4F27-9D4C-1EFF265A83F8}"
EndProject
Global
	GlobalSection(SolutionConfigurationPlatforms) = preSolution
		Debug|Any CPU = Debug|Any CPU
		Release|Any CPU = Release|Any CPU
	EndGlobalSection
	GlobalSection(ProjectConfigurationPlatforms) = postSolution
		{8D0E0E89-D442-42A9-8A82-2A8EFC939807}.Debug|Any CPU.ActiveCfg = Debug|Any CPU
		{8D0E0E89-D442-42A9-8A82-2A8EFC939807}.Debug|Any CPU.Build.0 = Debug|Any CPU
		{8D0E0E89-D442-42A9-8A82-2A8EFC939807}.Release|Any CPU.ActiveCfg = Release|Any CPU
		{8D0E0E89-D442-42A9-8A82-2A8EFC939807}.Release|Any CPU.Build.0 = Release|Any CPU
		{F9D2DAE5-0852-4F27-9D4C-1EFF265A83F8}.Debug|Any CPU.ActiveCfg = Debug|Any CPU
		{F9D2DAE5-0852-4F27-9D4C-1EFF265A83F8}.Debug|Any CPU.Build.0 = Debug|Any CPU
		{F9D2DAE5-0852-4F27-9D4C-1EFF265A83F8}.Release|Any CPU.ActiveCfg = Release|Any CPU
		{F9D2DAE5-0852-4F27-9D4C-1EFF265A83F8}.Release|Any CPU.Build.0 = Release|Any CPU
	EndGlobalSection
	GlobalSection(SolutionProperties) = preSolution
		HideSolutionNode = FALSE
	EndGlobalSection
	GlobalSection(ExtensibilityGlobals) = postSolution
		SolutionGuid = {5C513C29-2053-440A-AC18-ED10CDFB33C6}
	EndGlobalSection
EndGlobal
