
Microsoft Visual Studio Solution File, Format Version 12.00
# Visual Studio Version 17
VisualStudioVersion = 17.4.33103.184
MinimumVisualStudioVersion = 10.0.40219.1
Project("{FAE04EC0-301F-11D3-BF4B-00C04F79EFBC}") = "RadixTree", "RadixTree.csproj", "{D951B855-C547-4F88-B092-A0477F1E249F}"
EndProject
Project("{FAE04EC0-301F-11D3-BF4B-00C04F79EFBC}") = "RadixTreeFacts", "..\RadixTreeFacts\RadixTreeFacts.csproj", "{FD5E5E35-6A60-4D85-83F0-15EBA5EF6026}"
EndProject
Global
	GlobalSection(SolutionConfigurationPlatforms) = preSolution
		Debug|Any CPU = Debug|Any CPU
		Release|Any CPU = Release|Any CPU
	EndGlobalSection
	GlobalSection(ProjectConfigurationPlatforms) = postSolution
		{D951B855-C547-4F88-B092-A0477F1E249F}.Debug|Any CPU.ActiveCfg = Debug|Any CPU
		{D951B855-C547-4F88-B092-A0477F1E249F}.Debug|Any CPU.Build.0 = Debug|Any CPU
		{D951B855-C547-4F88-B092-A0477F1E249F}.Release|Any CPU.ActiveCfg = Release|Any CPU
		{D951B855-C547-4F88-B092-A0477F1E249F}.Release|Any CPU.Build.0 = Release|Any CPU
		{FD5E5E35-6A60-4D85-83F0-15EBA5EF6026}.Debug|Any CPU.ActiveCfg = Debug|Any CPU
		{FD5E5E35-6A60-4D85-83F0-15EBA5EF6026}.Debug|Any CPU.Build.0 = Debug|Any CPU
		{FD5E5E35-6A60-4D85-83F0-15EBA5EF6026}.Release|Any CPU.ActiveCfg = Release|Any CPU
		{FD5E5E35-6A60-4D85-83F0-15EBA5EF6026}.Release|Any CPU.Build.0 = Release|Any CPU
	EndGlobalSection
	GlobalSection(SolutionProperties) = preSolution
		HideSolutionNode = FALSE
	EndGlobalSection
	GlobalSection(ExtensibilityGlobals) = postSolution
		SolutionGuid = {C58C6FE1-10D1-4EF6-81FB-F8B950D50C7B}
	EndGlobalSection
EndGlobal
